
Microsoft Visual Studio Solution File, Format Version 12.00
# Visual Studio Version 17
VisualStudioVersion = 17.0.32112.339
MinimumVisualStudioVersion = 10.0.40219.1
Project("{FAE04EC0-301F-11D3-BF4B-00C04F79EFBC}") = "ToDoAPI", "ToDoAPI\ToDoAPI.csproj", "{94C323D5-2133-446F-9FAE-6B2831A495F2}"
EndProject
Global
	GlobalSection(SolutionConfigurationPlatforms) = preSolution
		Debug|Any CPU = Debug|Any CPU
		Release|Any CPU = Release|Any CPU
	EndGlobalSection
	GlobalSection(ProjectConfigurationPlatforms) = postSolution
		{94C323D5-2133-446F-9FAE-6B2831A495F2}.Debug|Any CPU.ActiveCfg = Debug|Any CPU
		{94C323D5-2133-446F-9FAE-6B2831A495F2}.Debug|Any CPU.Build.0 = Debug|Any CPU
		{94C323D5-2133-446F-9FAE-6B2831A495F2}.Release|Any CPU.ActiveCfg = Release|Any CPU
		{94C323D5-2133-446F-9FAE-6B2831A495F2}.Release|Any CPU.Build.0 = Release|Any CPU
	EndGlobalSection
	GlobalSection(SolutionProperties) = preSolution
		HideSolutionNode = FALSE
	EndGlobalSection
	GlobalSection(ExtensibilityGlobals) = postSolution
		SolutionGuid = {4E5DA076-CE36-4532-AAC9-D516732B5CC3}
	EndGlobalSection
EndGlobal
